
Microsoft Visual Studio Solution File, Format Version 12.00
# Visual Studio Version 17
VisualStudioVersion = 17.0.31903.59
MinimumVisualStudioVersion = 10.0.40219.1
Project("{2150E333-8FDC-42A3-9474-1A3956D46DE8}") = "Services", "Services", "{75D2E957-73A4-45A9-A1DD-5F758ABB542C}"
EndProject
Project("{FAE04EC0-301F-11D3-BF4B-00C04F79EFBC}") = "Presentation", "Services\Presentation\Presentation.csproj", "{906F836C-3868-44FF-99FB-96B901363A19}"
EndProject
Global
	GlobalSection(SolutionConfigurationPlatforms) = preSolution
		Debug|Any CPU = Debug|Any CPU
		Release|Any CPU = Release|Any CPU
	EndGlobalSection
	GlobalSection(SolutionProperties) = preSolution
		HideSolutionNode = FALSE
	EndGlobalSection
	GlobalSection(ProjectConfigurationPlatforms) = postSolution
		{906F836C-3868-44FF-99FB-96B901363A19}.Debug|Any CPU.ActiveCfg = Debug|Any CPU
		{906F836C-3868-44FF-99FB-96B901363A19}.Debug|Any CPU.Build.0 = Debug|Any CPU
		{906F836C-3868-44FF-99FB-96B901363A19}.Release|Any CPU.ActiveCfg = Release|Any CPU
		{906F836C-3868-44FF-99FB-96B901363A19}.Release|Any CPU.Build.0 = Release|Any CPU
	EndGlobalSection
	GlobalSection(NestedProjects) = preSolution
		{906F836C-3868-44FF-99FB-96B901363A19} = {75D2E957-73A4-45A9-A1DD-5F758ABB542C}
	EndGlobalSection
EndGlobal
